// !$*UTF8*$!
{
	archiveVersion = 1;
	classes = {
	};
	objectVersion = 50;
	objects = {

/* Begin PBXBuildFile section */
		004F1827267CCB5F0043118A /* AppDelegate.swift in Sources */ = {isa = PBXBuildFile; fileRef = 004F1826267CCB5F0043118A /* AppDelegate.swift */; };
		004F1829267CCB5F0043118A /* SceneDelegate.swift in Sources */ = {isa = PBXBuildFile; fileRef = 004F1828267CCB5F0043118A /* SceneDelegate.swift */; };
		004F182B267CCB5F0043118A /* ViewController.swift in Sources */ = {isa = PBXBuildFile; fileRef = 004F182A267CCB5F0043118A /* ViewController.swift */; };
		004F182E267CCB5F0043118A /* Main.storyboard in Resources */ = {isa = PBXBuildFile; fileRef = 004F182C267CCB5F0043118A /* Main.storyboard */; };
		004F1830267CCB600043118A /* Assets.xcassets in Resources */ = {isa = PBXBuildFile; fileRef = 004F182F267CCB600043118A /* Assets.xcassets */; };
		004F1833267CCB610043118A /* LaunchScreen.storyboard in Resources */ = {isa = PBXBuildFile; fileRef = 004F1831267CCB610043118A /* LaunchScreen.storyboard */; };
		004F183E267CCB610043118A /* PlayerTests.swift in Sources */ = {isa = PBXBuildFile; fileRef = 004F183D267CCB610043118A /* PlayerTests.swift */; };
		004F1849267CCB610043118A /* PlayerUITests.swift in Sources */ = {isa = PBXBuildFile; fileRef = 004F1848267CCB610043118A /* PlayerUITests.swift */; };
		004F18CA267CD8D00043118A /* RxBlocking.framework in Frameworks */ = {isa = PBXBuildFile; fileRef = 004F18B0267CD8B30043118A /* RxBlocking.framework */; };
		004F18CB267CD8D00043118A /* RxCocoa.framework in Frameworks */ = {isa = PBXBuildFile; fileRef = 004F18AC267CD8B30043118A /* RxCocoa.framework */; };
		004F18CC267CD8D00043118A /* RxRelay.framework in Frameworks */ = {isa = PBXBuildFile; fileRef = 004F18AE267CD8B30043118A /* RxRelay.framework */; };
		004F18CD267CD8D00043118A /* RxSwift.framework in Frameworks */ = {isa = PBXBuildFile; fileRef = 004F18AA267CD8B30043118A /* RxSwift.framework */; };
		004F18EF267CDB2D0043118A /* SnapKit.framework in Frameworks */ = {isa = PBXBuildFile; fileRef = 004F18EC267CDB1A0043118A /* SnapKit.framework */; };
		004F18FE267CDDDE0043118A /* Model.swift in Sources */ = {isa = PBXBuildFile; fileRef = 004F18FD267CDDDE0043118A /* Model.swift */; };
/* End PBXBuildFile section */

/* Begin PBXContainerItemProxy section */
		004F183A267CCB610043118A /* PBXContainerItemProxy */ = {
			isa = PBXContainerItemProxy;
			containerPortal = 004F181B267CCB5F0043118A /* Project object */;
			proxyType = 1;
			remoteGlobalIDString = 004F1822267CCB5F0043118A;
			remoteInfo = Player;
		};
		004F1845267CCB610043118A /* PBXContainerItemProxy */ = {
			isa = PBXContainerItemProxy;
			containerPortal = 004F181B267CCB5F0043118A /* Project object */;
			proxyType = 1;
			remoteGlobalIDString = 004F1822267CCB5F0043118A;
			remoteInfo = Player;
		};
		004F18A9267CD8B30043118A /* PBXContainerItemProxy */ = {
			isa = PBXContainerItemProxy;
			containerPortal = 004F189C267CD8B30043118A /* Rx.xcodeproj */;
			proxyType = 2;
			remoteGlobalIDString = C8A56AD71AD7424700B4673B;
			remoteInfo = RxSwift;
		};
		004F18AB267CD8B30043118A /* PBXContainerItemProxy */ = {
			isa = PBXContainerItemProxy;
			containerPortal = 004F189C267CD8B30043118A /* Rx.xcodeproj */;
			proxyType = 2;
			remoteGlobalIDString = C809396D1B8A71760088E94D;
			remoteInfo = RxCocoa;
		};
		004F18AD267CD8B30043118A /* PBXContainerItemProxy */ = {
			isa = PBXContainerItemProxy;
			containerPortal = 004F189C267CD8B30043118A /* Rx.xcodeproj */;
			proxyType = 2;
			remoteGlobalIDString = A2897D53225CA1E7004EA481;
			remoteInfo = RxRelay;
		};
		004F18AF267CD8B30043118A /* PBXContainerItemProxy */ = {
			isa = PBXContainerItemProxy;
			containerPortal = 004F189C267CD8B30043118A /* Rx.xcodeproj */;
			proxyType = 2;
			remoteGlobalIDString = C8093BC71B8A71F00088E94D;
			remoteInfo = RxBlocking;
		};
		004F18B1267CD8B30043118A /* PBXContainerItemProxy */ = {
			isa = PBXContainerItemProxy;
			containerPortal = 004F189C267CD8B30043118A /* Rx.xcodeproj */;
			proxyType = 2;
			remoteGlobalIDString = C88FA50C1C25C44800CCFEA4;
			remoteInfo = RxTest;
		};
		004F18B3267CD8B30043118A /* PBXContainerItemProxy */ = {
			isa = PBXContainerItemProxy;
			containerPortal = 004F189C267CD8B30043118A /* Rx.xcodeproj */;
			proxyType = 2;
			remoteGlobalIDString = C83508C31C386F6F0027C24C;
			remoteInfo = "AllTests-iOS";
		};
		004F18B5267CD8B30043118A /* PBXContainerItemProxy */ = {
			isa = PBXContainerItemProxy;
			containerPortal = 004F189C267CD8B30043118A /* Rx.xcodeproj */;
			proxyType = 2;
			remoteGlobalIDString = C83509841C38740E0027C24C;
			remoteInfo = "AllTests-tvOS";
		};
		004F18B7267CD8B30043118A /* PBXContainerItemProxy */ = {
			isa = PBXContainerItemProxy;
			containerPortal = 004F189C267CD8B30043118A /* Rx.xcodeproj */;
			proxyType = 2;
			remoteGlobalIDString = C83509941C38742C0027C24C;
			remoteInfo = "AllTests-macOS";
		};
		004F18B9267CD8B30043118A /* PBXContainerItemProxy */ = {
			isa = PBXContainerItemProxy;
			containerPortal = 004F189C267CD8B30043118A /* Rx.xcodeproj */;
			proxyType = 2;
			remoteGlobalIDString = C85BA04B1C3878740075D68E;
			remoteInfo = Microoptimizations;
		};
		004F18BB267CD8B30043118A /* PBXContainerItemProxy */ = {
			isa = PBXContainerItemProxy;
			containerPortal = 004F189C267CD8B30043118A /* Rx.xcodeproj */;
			proxyType = 2;
			remoteGlobalIDString = C8E8BA551E2C181A00A4AC2C;
			remoteInfo = Benchmarks;
		};
		004F18EB267CDB1A0043118A /* PBXContainerItemProxy */ = {
			isa = PBXContainerItemProxy;
			containerPortal = 004F18E6267CDB1A0043118A /* SnapKit.xcodeproj */;
			proxyType = 2;
			remoteGlobalIDString = EEBCC9D819CC627D0083B827;
			remoteInfo = SnapKit;
		};
		004F18ED267CDB1A0043118A /* PBXContainerItemProxy */ = {
			isa = PBXContainerItemProxy;
			containerPortal = 004F18E6267CDB1A0043118A /* SnapKit.xcodeproj */;
			proxyType = 2;
			remoteGlobalIDString = EEBCC9E219CC627E0083B827;
			remoteInfo = "SnapKit Tests";
		};
/* End PBXContainerItemProxy section */

/* Begin PBXFileReference section */
		004F1823267CCB5F0043118A /* Player.app */ = {isa = PBXFileReference; explicitFileType = wrapper.application; includeInIndex = 0; path = Player.app; sourceTree = BUILT_PRODUCTS_DIR; };
		004F1826267CCB5F0043118A /* AppDelegate.swift */ = {isa = PBXFileReference; lastKnownFileType = sourcecode.swift; path = AppDelegate.swift; sourceTree = "<group>"; };
		004F1828267CCB5F0043118A /* SceneDelegate.swift */ = {isa = PBXFileReference; lastKnownFileType = sourcecode.swift; path = SceneDelegate.swift; sourceTree = "<group>"; };
		004F182A267CCB5F0043118A /* ViewController.swift */ = {isa = PBXFileReference; lastKnownFileType = sourcecode.swift; path = ViewController.swift; sourceTree = "<group>"; };
		004F182D267CCB5F0043118A /* Base */ = {isa = PBXFileReference; lastKnownFileType = file.storyboard; name = Base; path = Base.lproj/Main.storyboard; sourceTree = "<group>"; };
		004F182F267CCB600043118A /* Assets.xcassets */ = {isa = PBXFileReference; lastKnownFileType = folder.assetcatalog; path = Assets.xcassets; sourceTree = "<group>"; };
		004F1832267CCB610043118A /* Base */ = {isa = PBXFileReference; lastKnownFileType = file.storyboard; name = Base; path = Base.lproj/LaunchScreen.storyboard; sourceTree = "<group>"; };
		004F1834267CCB610043118A /* Info.plist */ = {isa = PBXFileReference; lastKnownFileType = text.plist.xml; path = Info.plist; sourceTree = "<group>"; };
		004F1839267CCB610043118A /* PlayerTests.xctest */ = {isa = PBXFileReference; explicitFileType = wrapper.cfbundle; includeInIndex = 0; path = PlayerTests.xctest; sourceTree = BUILT_PRODUCTS_DIR; };
		004F183D267CCB610043118A /* PlayerTests.swift */ = {isa = PBXFileReference; lastKnownFileType = sourcecode.swift; path = PlayerTests.swift; sourceTree = "<group>"; };
		004F183F267CCB610043118A /* Info.plist */ = {isa = PBXFileReference; lastKnownFileType = text.plist.xml; path = Info.plist; sourceTree = "<group>"; };
		004F1844267CCB610043118A /* PlayerUITests.xctest */ = {isa = PBXFileReference; explicitFileType = wrapper.cfbundle; includeInIndex = 0; path = PlayerUITests.xctest; sourceTree = BUILT_PRODUCTS_DIR; };
		004F1848267CCB610043118A /* PlayerUITests.swift */ = {isa = PBXFileReference; lastKnownFileType = sourcecode.swift; path = PlayerUITests.swift; sourceTree = "<group>"; };
		004F184A267CCB610043118A /* Info.plist */ = {isa = PBXFileReference; lastKnownFileType = text.plist.xml; path = Info.plist; sourceTree = "<group>"; };
		004F189C267CD8B30043118A /* Rx.xcodeproj */ = {isa = PBXFileReference; lastKnownFileType = "wrapper.pb-project"; name = Rx.xcodeproj; path = Player/RxSwift/Rx.xcodeproj; sourceTree = SOURCE_ROOT; };
		004F18E6267CDB1A0043118A /* SnapKit.xcodeproj */ = {isa = PBXFileReference; lastKnownFileType = "wrapper.pb-project"; name = SnapKit.xcodeproj; path = SnapKit/SnapKit.xcodeproj; sourceTree = SOURCE_ROOT; };
		004F18FD267CDDDE0043118A /* Model.swift */ = {isa = PBXFileReference; lastKnownFileType = sourcecode.swift; path = Model.swift; sourceTree = "<group>"; };
/* End PBXFileReference section */

/* Begin PBXFrameworksBuildPhase section */
		004F1820267CCB5F0043118A /* Frameworks */ = {
			isa = PBXFrameworksBuildPhase;
			buildActionMask = 2147483647;
			files = (
				004F18EF267CDB2D0043118A /* SnapKit.framework in Frameworks */,
				004F18CA267CD8D00043118A /* RxBlocking.framework in Frameworks */,
				004F18CB267CD8D00043118A /* RxCocoa.framework in Frameworks */,
				004F18CC267CD8D00043118A /* RxRelay.framework in Frameworks */,
				004F18CD267CD8D00043118A /* RxSwift.framework in Frameworks */,
			);
			runOnlyForDeploymentPostprocessing = 0;
		};
		004F1836267CCB610043118A /* Frameworks */ = {
			isa = PBXFrameworksBuildPhase;
			buildActionMask = 2147483647;
			files = (
			);
			runOnlyForDeploymentPostprocessing = 0;
		};
		004F1841267CCB610043118A /* Frameworks */ = {
			isa = PBXFrameworksBuildPhase;
			buildActionMask = 2147483647;
			files = (
			);
			runOnlyForDeploymentPostprocessing = 0;
		};
/* End PBXFrameworksBuildPhase section */

/* Begin PBXGroup section */
		004F181A267CCB5F0043118A = {
			isa = PBXGroup;
			children = (
				004F189B267CD8A20043118A /* Frameworks */,
				004F1825267CCB5F0043118A /* Player */,
				004F183C267CCB610043118A /* PlayerTests */,
				004F1847267CCB610043118A /* PlayerUITests */,
				004F1824267CCB5F0043118A /* Products */,
			);
			sourceTree = "<group>";
		};
		004F1824267CCB5F0043118A /* Products */ = {
			isa = PBXGroup;
			children = (
				004F1823267CCB5F0043118A /* Player.app */,
				004F1839267CCB610043118A /* PlayerTests.xctest */,
				004F1844267CCB610043118A /* PlayerUITests.xctest */,
			);
			name = Products;
			sourceTree = "<group>";
		};
		004F1825267CCB5F0043118A /* Player */ = {
			isa = PBXGroup;
			children = (
				004F1826267CCB5F0043118A /* AppDelegate.swift */,
				004F1828267CCB5F0043118A /* SceneDelegate.swift */,
				004F182A267CCB5F0043118A /* ViewController.swift */,
				004F182C267CCB5F0043118A /* Main.storyboard */,
				004F182F267CCB600043118A /* Assets.xcassets */,
				004F1831267CCB610043118A /* LaunchScreen.storyboard */,
				004F1834267CCB610043118A /* Info.plist */,
				004F18FD267CDDDE0043118A /* Model.swift */,
			);
			path = Player;
			sourceTree = "<group>";
		};
		004F183C267CCB610043118A /* PlayerTests */ = {
			isa = PBXGroup;
			children = (
				004F183D267CCB610043118A /* PlayerTests.swift */,
				004F183F267CCB610043118A /* Info.plist */,
			);
			path = PlayerTests;
			sourceTree = "<group>";
		};
		004F1847267CCB610043118A /* PlayerUITests */ = {
			isa = PBXGroup;
			children = (
				004F1848267CCB610043118A /* PlayerUITests.swift */,
				004F184A267CCB610043118A /* Info.plist */,
			);
			path = PlayerUITests;
			sourceTree = "<group>";
		};
		004F189B267CD8A20043118A /* Frameworks */ = {
			isa = PBXGroup;
			children = (
				004F18E6267CDB1A0043118A /* SnapKit.xcodeproj */,
				004F189C267CD8B30043118A /* Rx.xcodeproj */,
			);
			path = Frameworks;
			sourceTree = "<group>";
		};
		004F189D267CD8B30043118A /* Products */ = {
			isa = PBXGroup;
			children = (
				004F18AA267CD8B30043118A /* RxSwift.framework */,
				004F18AC267CD8B30043118A /* RxCocoa.framework */,
				004F18AE267CD8B30043118A /* RxRelay.framework */,
				004F18B0267CD8B30043118A /* RxBlocking.framework */,
				004F18B2267CD8B30043118A /* RxTest.framework */,
				004F18B4267CD8B30043118A /* AllTests-iOS.xctest */,
				004F18B6267CD8B30043118A /* AllTests-tvOS.xctest */,
				004F18B8267CD8B30043118A /* AllTests-macOS.xctest */,
				004F18BA267CD8B30043118A /* PerformanceTests.app */,
				004F18BC267CD8B30043118A /* Benchmarks.xctest */,
			);
			name = Products;
			sourceTree = "<group>";
		};
		004F18E7267CDB1A0043118A /* Products */ = {
			isa = PBXGroup;
			children = (
				004F18EC267CDB1A0043118A /* SnapKit.framework */,
				004F18EE267CDB1A0043118A /* SnapKit Tests.xctest */,
			);
			name = Products;
			sourceTree = "<group>";
		};
/* End PBXGroup section */

/* Begin PBXNativeTarget section */
		004F1822267CCB5F0043118A /* Player */ = {
			isa = PBXNativeTarget;
			buildConfigurationList = 004F184D267CCB610043118A /* Build configuration list for PBXNativeTarget "Player" */;
			buildPhases = (
				004F181F267CCB5F0043118A /* Sources */,
				004F1820267CCB5F0043118A /* Frameworks */,
				004F1821267CCB5F0043118A /* Resources */,
			);
			buildRules = (
			);
			dependencies = (
			);
			name = Player;
			productName = Player;
			productReference = 004F1823267CCB5F0043118A /* Player.app */;
			productType = "com.apple.product-type.application";
		};
		004F1838267CCB610043118A /* PlayerTests */ = {
			isa = PBXNativeTarget;
			buildConfigurationList = 004F1850267CCB610043118A /* Build configuration list for PBXNativeTarget "PlayerTests" */;
			buildPhases = (
				004F1835267CCB610043118A /* Sources */,
				004F1836267CCB610043118A /* Frameworks */,
				004F1837267CCB610043118A /* Resources */,
			);
			buildRules = (
			);
			dependencies = (
				004F183B267CCB610043118A /* PBXTargetDependency */,
			);
			name = PlayerTests;
			productName = PlayerTests;
			productReference = 004F1839267CCB610043118A /* PlayerTests.xctest */;
			productType = "com.apple.product-type.bundle.unit-test";
		};
		004F1843267CCB610043118A /* PlayerUITests */ = {
			isa = PBXNativeTarget;
			buildConfigurationList = 004F1853267CCB610043118A /* Build configuration list for PBXNativeTarget "PlayerUITests" */;
			buildPhases = (
				004F1840267CCB610043118A /* Sources */,
				004F1841267CCB610043118A /* Frameworks */,
				004F1842267CCB610043118A /* Resources */,
			);
			buildRules = (
			);
			dependencies = (
				004F1846267CCB610043118A /* PBXTargetDependency */,
			);
			name = PlayerUITests;
			productName = PlayerUITests;
			productReference = 004F1844267CCB610043118A /* PlayerUITests.xctest */;
			productType = "com.apple.product-type.bundle.ui-testing";
		};
/* End PBXNativeTarget section */

/* Begin PBXProject section */
		004F181B267CCB5F0043118A /* Project object */ = {
			isa = PBXProject;
			attributes = {
				LastSwiftUpdateCheck = 1240;
				LastUpgradeCheck = 1240;
				TargetAttributes = {
					004F1822267CCB5F0043118A = {
						CreatedOnToolsVersion = 12.4;
					};
					004F1838267CCB610043118A = {
						CreatedOnToolsVersion = 12.4;
						TestTargetID = 004F1822267CCB5F0043118A;
					};
					004F1843267CCB610043118A = {
						CreatedOnToolsVersion = 12.4;
						TestTargetID = 004F1822267CCB5F0043118A;
					};
				};
			};
			buildConfigurationList = 004F181E267CCB5F0043118A /* Build configuration list for PBXProject "Player" */;
			compatibilityVersion = "Xcode 9.3";
			developmentRegion = en;
			hasScannedForEncodings = 0;
			knownRegions = (
				en,
				Base,
			);
			mainGroup = 004F181A267CCB5F0043118A;
			productRefGroup = 004F1824267CCB5F0043118A /* Products */;
			projectDirPath = "";
			projectReferences = (
				{
					ProductGroup = 004F189D267CD8B30043118A /* Products */;
					ProjectRef = 004F189C267CD8B30043118A /* Rx.xcodeproj */;
				},
				{
					ProductGroup = 004F18E7267CDB1A0043118A /* Products */;
					ProjectRef = 004F18E6267CDB1A0043118A /* SnapKit.xcodeproj */;
				},
			);
			projectRoot = "";
			targets = (
				004F1822267CCB5F0043118A /* Player */,
				004F1838267CCB610043118A /* PlayerTests */,
				004F1843267CCB610043118A /* PlayerUITests */,
			);
		};
/* End PBXProject section */

/* Begin PBXReferenceProxy section */
		004F18AA267CD8B30043118A /* RxSwift.framework */ = {
			isa = PBXReferenceProxy;
			fileType = wrapper.framework;
			path = RxSwift.framework;
			remoteRef = 004F18A9267CD8B30043118A /* PBXContainerItemProxy */;
			sourceTree = BUILT_PRODUCTS_DIR;
		};
		004F18AC267CD8B30043118A /* RxCocoa.framework */ = {
			isa = PBXReferenceProxy;
			fileType = wrapper.framework;
			path = RxCocoa.framework;
			remoteRef = 004F18AB267CD8B30043118A /* PBXContainerItemProxy */;
			sourceTree = BUILT_PRODUCTS_DIR;
		};
		004F18AE267CD8B30043118A /* RxRelay.framework */ = {
			isa = PBXReferenceProxy;
			fileType = wrapper.framework;
			path = RxRelay.framework;
			remoteRef = 004F18AD267CD8B30043118A /* PBXContainerItemProxy */;
			sourceTree = BUILT_PRODUCTS_DIR;
		};
		004F18B0267CD8B30043118A /* RxBlocking.framework */ = {
			isa = PBXReferenceProxy;
			fileType = wrapper.framework;
			path = RxBlocking.framework;
			remoteRef = 004F18AF267CD8B30043118A /* PBXContainerItemProxy */;
			sourceTree = BUILT_PRODUCTS_DIR;
		};
		004F18B2267CD8B30043118A /* RxTest.framework */ = {
			isa = PBXReferenceProxy;
			fileType = wrapper.framework;
			path = RxTest.framework;
			remoteRef = 004F18B1267CD8B30043118A /* PBXContainerItemProxy */;
			sourceTree = BUILT_PRODUCTS_DIR;
		};
		004F18B4267CD8B30043118A /* AllTests-iOS.xctest */ = {
			isa = PBXReferenceProxy;
			fileType = wrapper.cfbundle;
			path = "AllTests-iOS.xctest";
			remoteRef = 004F18B3267CD8B30043118A /* PBXContainerItemProxy */;
			sourceTree = BUILT_PRODUCTS_DIR;
		};
		004F18B6267CD8B30043118A /* AllTests-tvOS.xctest */ = {
			isa = PBXReferenceProxy;
			fileType = wrapper.cfbundle;
			path = "AllTests-tvOS.xctest";
			remoteRef = 004F18B5267CD8B30043118A /* PBXContainerItemProxy */;
			sourceTree = BUILT_PRODUCTS_DIR;
		};
		004F18B8267CD8B30043118A /* AllTests-macOS.xctest */ = {
			isa = PBXReferenceProxy;
			fileType = wrapper.cfbundle;
			path = "AllTests-macOS.xctest";
			remoteRef = 004F18B7267CD8B30043118A /* PBXContainerItemProxy */;
			sourceTree = BUILT_PRODUCTS_DIR;
		};
		004F18BA267CD8B30043118A /* PerformanceTests.app */ = {
			isa = PBXReferenceProxy;
			fileType = wrapper.application;
			name = PerformanceTests.app;
			path = Microoptimizations.app;
			remoteRef = 004F18B9267CD8B30043118A /* PBXContainerItemProxy */;
			sourceTree = BUILT_PRODUCTS_DIR;
		};
		004F18BC267CD8B30043118A /* Benchmarks.xctest */ = {
			isa = PBXReferenceProxy;
			fileType = wrapper.cfbundle;
			path = Benchmarks.xctest;
			remoteRef = 004F18BB267CD8B30043118A /* PBXContainerItemProxy */;
			sourceTree = BUILT_PRODUCTS_DIR;
		};
		004F18EC267CDB1A0043118A /* SnapKit.framework */ = {
			isa = PBXReferenceProxy;
			fileType = wrapper.framework;
			path = SnapKit.framework;
			remoteRef = 004F18EB267CDB1A0043118A /* PBXContainerItemProxy */;
			sourceTree = BUILT_PRODUCTS_DIR;
		};
		004F18EE267CDB1A0043118A /* SnapKit Tests.xctest */ = {
			isa = PBXReferenceProxy;
			fileType = wrapper.cfbundle;
			path = "SnapKit Tests.xctest";
			remoteRef = 004F18ED267CDB1A0043118A /* PBXContainerItemProxy */;
			sourceTree = BUILT_PRODUCTS_DIR;
		};
/* End PBXReferenceProxy section */

/* Begin PBXResourcesBuildPhase section */
		004F1821267CCB5F0043118A /* Resources */ = {
			isa = PBXResourcesBuildPhase;
			buildActionMask = 2147483647;
			files = (
				004F1833267CCB610043118A /* LaunchScreen.storyboard in Resources */,
				004F1830267CCB600043118A /* Assets.xcassets in Resources */,
				004F182E267CCB5F0043118A /* Main.storyboard in Resources */,
			);
			runOnlyForDeploymentPostprocessing = 0;
		};
		004F1837267CCB610043118A /* Resources */ = {
			isa = PBXResourcesBuildPhase;
			buildActionMask = 2147483647;
			files = (
			);
			runOnlyForDeploymentPostprocessing = 0;
		};
		004F1842267CCB610043118A /* Resources */ = {
			isa = PBXResourcesBuildPhase;
			buildActionMask = 2147483647;
			files = (
			);
			runOnlyForDeploymentPostprocessing = 0;
		};
/* End PBXResourcesBuildPhase section */

/* Begin PBXSourcesBuildPhase section */
		004F181F267CCB5F0043118A /* Sources */ = {
			isa = PBXSourcesBuildPhase;
			buildActionMask = 2147483647;
			files = (
				004F182B267CCB5F0043118A /* ViewController.swift in Sources */,
				004F1827267CCB5F0043118A /* AppDelegate.swift in Sources */,
				004F1829267CCB5F0043118A /* SceneDelegate.swift in Sources */,
				004F18FE267CDDDE0043118A /* Model.swift in Sources */,
			);
			runOnlyForDeploymentPostprocessing = 0;
		};
		004F1835267CCB610043118A /* Sources */ = {
			isa = PBXSourcesBuildPhase;
			buildActionMask = 2147483647;
			files = (
				004F183E267CCB610043118A /* PlayerTests.swift in Sources */,
			);
			runOnlyForDeploymentPostprocessing = 0;
		};
		004F1840267CCB610043118A /* Sources */ = {
			isa = PBXSourcesBuildPhase;
			buildActionMask = 2147483647;
			files = (
				004F1849267CCB610043118A /* PlayerUITests.swift in Sources */,
			);
			runOnlyForDeploymentPostprocessing = 0;
		};
/* End PBXSourcesBuildPhase section */

/* Begin PBXTargetDependency section */
		004F183B267CCB610043118A /* PBXTargetDependency */ = {
			isa = PBXTargetDependency;
			target = 004F1822267CCB5F0043118A /* Player */;
			targetProxy = 004F183A267CCB610043118A /* PBXContainerItemProxy */;
		};
		004F1846267CCB610043118A /* PBXTargetDependency */ = {
			isa = PBXTargetDependency;
			target = 004F1822267CCB5F0043118A /* Player */;
			targetProxy = 004F1845267CCB610043118A /* PBXContainerItemProxy */;
		};
/* End PBXTargetDependency section */

/* Begin PBXVariantGroup section */
		004F182C267CCB5F0043118A /* Main.storyboard */ = {
			isa = PBXVariantGroup;
			children = (
				004F182D267CCB5F0043118A /* Base */,
			);
			name = Main.storyboard;
			sourceTree = "<group>";
		};
		004F1831267CCB610043118A /* LaunchScreen.storyboard */ = {
			isa = PBXVariantGroup;
			children = (
				004F1832267CCB610043118A /* Base */,
			);
			name = LaunchScreen.storyboard;
			sourceTree = "<group>";
		};
/* End PBXVariantGroup section */

/* Begin XCBuildConfiguration section */
		004F184B267CCB610043118A /* Debug */ = {
			isa = XCBuildConfiguration;
			buildSettings = {
				ALWAYS_SEARCH_USER_PATHS = NO;
				CLANG_ANALYZER_NONNULL = YES;
				CLANG_ANALYZER_NUMBER_OBJECT_CONVERSION = YES_AGGRESSIVE;
				CLANG_CXX_LANGUAGE_STANDARD = "gnu++14";
				CLANG_CXX_LIBRARY = "libc++";
				CLANG_ENABLE_MODULES = YES;
				CLANG_ENABLE_OBJC_ARC = YES;
				CLANG_ENABLE_OBJC_WEAK = YES;
				CLANG_WARN_BLOCK_CAPTURE_AUTORELEASING = YES;
				CLANG_WARN_BOOL_CONVERSION = YES;
				CLANG_WARN_COMMA = YES;
				CLANG_WARN_CONSTANT_CONVERSION = YES;
				CLANG_WARN_DEPRECATED_OBJC_IMPLEMENTATIONS = YES;
				CLANG_WARN_DIRECT_OBJC_ISA_USAGE = YES_ERROR;
				CLANG_WARN_DOCUMENTATION_COMMENTS = YES;
				CLANG_WARN_EMPTY_BODY = YES;
				CLANG_WARN_ENUM_CONVERSION = YES;
				CLANG_WARN_INFINITE_RECURSION = YES;
				CLANG_WARN_INT_CONVERSION = YES;
				CLANG_WARN_NON_LITERAL_NULL_CONVERSION = YES;
				CLANG_WARN_OBJC_IMPLICIT_RETAIN_SELF = YES;
				CLANG_WARN_OBJC_LITERAL_CONVERSION = YES;
				CLANG_WARN_OBJC_ROOT_CLASS = YES_ERROR;
				CLANG_WARN_QUOTED_INCLUDE_IN_FRAMEWORK_HEADER = YES;
				CLANG_WARN_RANGE_LOOP_ANALYSIS = YES;
				CLANG_WARN_STRICT_PROTOTYPES = YES;
				CLANG_WARN_SUSPICIOUS_MOVE = YES;
				CLANG_WARN_UNGUARDED_AVAILABILITY = YES_AGGRESSIVE;
				CLANG_WARN_UNREACHABLE_CODE = YES;
				CLANG_WARN__DUPLICATE_METHOD_MATCH = YES;
				COPY_PHASE_STRIP = NO;
				DEBUG_INFORMATION_FORMAT = dwarf;
				ENABLE_STRICT_OBJC_MSGSEND = YES;
				ENABLE_TESTABILITY = YES;
				GCC_C_LANGUAGE_STANDARD = gnu11;
				GCC_DYNAMIC_NO_PIC = NO;
				GCC_NO_COMMON_BLOCKS = YES;
				GCC_OPTIMIZATION_LEVEL = 0;
				GCC_PREPROCESSOR_DEFINITIONS = (
					"DEBUG=1",
					"$(inherited)",
				);
				GCC_WARN_64_TO_32_BIT_CONVERSION = YES;
				GCC_WARN_ABOUT_RETURN_TYPE = YES_ERROR;
				GCC_WARN_UNDECLARED_SELECTOR = YES;
				GCC_WARN_UNINITIALIZED_AUTOS = YES_AGGRESSIVE;
				GCC_WARN_UNUSED_FUNCTION = YES;
				GCC_WARN_UNUSED_VARIABLE = YES;
				IPHONEOS_DEPLOYMENT_TARGET = 14.4;
				MTL_ENABLE_DEBUG_INFO = INCLUDE_SOURCE;
				MTL_FAST_MATH = YES;
				ONLY_ACTIVE_ARCH = YES;
				SDKROOT = iphoneos;
				SWIFT_ACTIVE_COMPILATION_CONDITIONS = DEBUG;
				SWIFT_OPTIMIZATION_LEVEL = "-Onone";
			};
			name = Debug;
		};
		004F184C267CCB610043118A /* Release */ = {
			isa = XCBuildConfiguration;
			buildSettings = {
				ALWAYS_SEARCH_USER_PATHS = NO;
				CLANG_ANALYZER_NONNULL = YES;
				CLANG_ANALYZER_NUMBER_OBJECT_CONVERSION = YES_AGGRESSIVE;
				CLANG_CXX_LANGUAGE_STANDARD = "gnu++14";
				CLANG_CXX_LIBRARY = "libc++";
				CLANG_ENABLE_MODULES = YES;
				CLANG_ENABLE_OBJC_ARC = YES;
				CLANG_ENABLE_OBJC_WEAK = YES;
				CLANG_WARN_BLOCK_CAPTURE_AUTORELEASING = YES;
				CLANG_WARN_BOOL_CONVERSION = YES;
				CLANG_WARN_COMMA = YES;
				CLANG_WARN_CONSTANT_CONVERSION = YES;
				CLANG_WARN_DEPRECATED_OBJC_IMPLEMENTATIONS = YES;
				CLANG_WARN_DIRECT_OBJC_ISA_USAGE = YES_ERROR;
				CLANG_WARN_DOCUMENTATION_COMMENTS = YES;
				CLANG_WARN_EMPTY_BODY = YES;
				CLANG_WARN_ENUM_CONVERSION = YES;
				CLANG_WARN_INFINITE_RECURSION = YES;
				CLANG_WARN_INT_CONVERSION = YES;
				CLANG_WARN_NON_LITERAL_NULL_CONVERSION = YES;
				CLANG_WARN_OBJC_IMPLICIT_RETAIN_SELF = YES;
				CLANG_WARN_OBJC_LITERAL_CONVERSION = YES;
				CLANG_WARN_OBJC_ROOT_CLASS = YES_ERROR;
				CLANG_WARN_QUOTED_INCLUDE_IN_FRAMEWORK_HEADER = YES;
				CLANG_WARN_RANGE_LOOP_ANALYSIS = YES;
				CLANG_WARN_STRICT_PROTOTYPES = YES;
				CLANG_WARN_SUSPICIOUS_MOVE = YES;
				CLANG_WARN_UNGUARDED_AVAILABILITY = YES_AGGRESSIVE;
				CLANG_WARN_UNREACHABLE_CODE = YES;
				CLANG_WARN__DUPLICATE_METHOD_MATCH = YES;
				COPY_PHASE_STRIP = NO;
				DEBUG_INFORMATION_FORMAT = "dwarf-with-dsym";
				ENABLE_NS_ASSERTIONS = NO;
				ENABLE_STRICT_OBJC_MSGSEND = YES;
				GCC_C_LANGUAGE_STANDARD = gnu11;
				GCC_NO_COMMON_BLOCKS = YES;
				GCC_WARN_64_TO_32_BIT_CONVERSION = YES;
				GCC_WARN_ABOUT_RETURN_TYPE = YES_ERROR;
				GCC_WARN_UNDECLARED_SELECTOR = YES;
				GCC_WARN_UNINITIALIZED_AUTOS = YES_AGGRESSIVE;
				GCC_WARN_UNUSED_FUNCTION = YES;
				GCC_WARN_UNUSED_VARIABLE = YES;
				IPHONEOS_DEPLOYMENT_TARGET = 14.4;
				MTL_ENABLE_DEBUG_INFO = NO;
				MTL_FAST_MATH = YES;
				SDKROOT = iphoneos;
				SWIFT_COMPILATION_MODE = wholemodule;
				SWIFT_OPTIMIZATION_LEVEL = "-O";
				VALIDATE_PRODUCT = YES;
			};
			name = Release;
		};
		004F184E267CCB610043118A /* Debug */ = {
			isa = XCBuildConfiguration;
			buildSettings = {
				ASSETCATALOG_COMPILER_APPICON_NAME = AppIcon;
				ASSETCATALOG_COMPILER_GLOBAL_ACCENT_COLOR_NAME = AccentColor;
				CODE_SIGN_STYLE = Automatic;
				DEVELOPMENT_TEAM = 4PD22JUGM4;
				INFOPLIST_FILE = Player/Info.plist;
				LD_RUNPATH_SEARCH_PATHS = (
					"$(inherited)",
					"@executable_path/Frameworks",
				);
				PRODUCT_BUNDLE_IDENTIFIER = colv.Player;
				PRODUCT_NAME = "$(TARGET_NAME)";
				SWIFT_VERSION = 5.0;
				TARGETED_DEVICE_FAMILY = "1,2";
			};
			name = Debug;
		};
		004F184F267CCB610043118A /* Release */ = {
			isa = XCBuildConfiguration;
			buildSettings = {
				ASSETCATALOG_COMPILER_APPICON_NAME = AppIcon;
				ASSETCATALOG_COMPILER_GLOBAL_ACCENT_COLOR_NAME = AccentColor;
				CODE_SIGN_STYLE = Automatic;
				DEVELOPMENT_TEAM = 4PD22JUGM4;
				INFOPLIST_FILE = Player/Info.plist;
				LD_RUNPATH_SEARCH_PATHS = (
					"$(inherited)",
					"@executable_path/Frameworks",
				);
				PRODUCT_BUNDLE_IDENTIFIER = colv.Player;
				PRODUCT_NAME = "$(TARGET_NAME)";
				SWIFT_VERSION = 5.0;
				TARGETED_DEVICE_FAMILY = "1,2";
			};
			name = Release;
		};
		004F1851267CCB610043118A /* Debug */ = {
			isa = XCBuildConfiguration;
			buildSettings = {
				ALWAYS_EMBED_SWIFT_STANDARD_LIBRARIES = YES;
				BUNDLE_LOADER = "$(TEST_HOST)";
				CODE_SIGN_STYLE = Automatic;
				DEVELOPMENT_TEAM = 4PD22JUGM4;
				INFOPLIST_FILE = PlayerTests/Info.plist;
				IPHONEOS_DEPLOYMENT_TARGET = 14.4;
				LD_RUNPATH_SEARCH_PATHS = (
					"$(inherited)",
					"@executable_path/Frameworks",
					"@loader_path/Frameworks",
				);
				PRODUCT_BUNDLE_IDENTIFIER = colv.PlayerTests;
				PRODUCT_NAME = "$(TARGET_NAME)";
				SWIFT_VERSION = 5.0;
				TARGETED_DEVICE_FAMILY = "1,2";
				TEST_HOST = "$(BUILT_PRODUCTS_DIR)/Player.app/Player";
			};
			name = Debug;
		};
		004F1852267CCB610043118A /* Release */ = {
			isa = XCBuildConfiguration;
			buildSettings = {
				ALWAYS_EMBED_SWIFT_STANDARD_LIBRARIES = YES;
				BUNDLE_LOADER = "$(TEST_HOST)";
				CODE_SIGN_STYLE = Automatic;
				DEVELOPMENT_TEAM = 4PD22JUGM4;
				INFOPLIST_FILE = PlayerTests/Info.plist;
				IPHONEOS_DEPLOYMENT_TARGET = 14.4;
				LD_RUNPATH_SEARCH_PATHS = (
					"$(inherited)",
					"@executable_path/Frameworks",
					"@loader_path/Frameworks",
				);
				PRODUCT_BUNDLE_IDENTIFIER = colv.PlayerTests;
				PRODUCT_NAME = "$(TARGET_NAME)";
				SWIFT_VERSION = 5.0;
				TARGETED_DEVICE_FAMILY = "1,2";
				TEST_HOST = "$(BUILT_PRODUCTS_DIR)/Player.app/Player";
			};
			name = Release;
		};
		004F1854267CCB610043118A /* Debug */ = {
			isa = XCBuildConfiguration;
			buildSettings = {
				ALWAYS_EMBED_SWIFT_STANDARD_LIBRARIES = YES;
				CODE_SIGN_STYLE = Automatic;
				DEVELOPMENT_TEAM = 4PD22JUGM4;
				INFOPLIST_FILE = PlayerUITests/Info.plist;
				LD_RUNPATH_SEARCH_PATHS = (
					"$(inherited)",
					"@executable_path/Frameworks",
					"@loader_path/Frameworks",
				);
				PRODUCT_BUNDLE_IDENTIFIER = colv.PlayerUITests;
				PRODUCT_NAME = "$(TARGET_NAME)";
				SWIFT_VERSION = 5.0;
				TARGETED_DEVICE_FAMILY = "1,2";
				TEST_TARGET_NAME = Player;
			};
			name = Debug;
		};
		004F1855267CCB610043118A /* Release */ = {
			isa = XCBuildConfiguration;
			buildSettings = {
				ALWAYS_EMBED_SWIFT_STANDARD_LIBRARIES = YES;
				CODE_SIGN_STYLE = Automatic;
				DEVELOPMENT_TEAM = 4PD22JUGM4;
				INFOPLIST_FILE = PlayerUITests/Info.plist;
				LD_RUNPATH_SEARCH_PATHS = (
					"$(inherited)",
					"@executable_path/Frameworks",
					"@loader_path/Frameworks",
				);
				PRODUCT_BUNDLE_IDENTIFIER = colv.PlayerUITests;
				PRODUCT_NAME = "$(TARGET_NAME)";
				SWIFT_VERSION = 5.0;
				TARGETED_DEVICE_FAMILY = "1,2";
				TEST_TARGET_NAME = Player;
			};
			name = Release;
		};
/* End XCBuildConfiguration section */

/* Begin XCConfigurationList section */
		004F181E267CCB5F0043118A /* Build configuration list for PBXProject "Player" */ = {
			isa = XCConfigurationList;
			buildConfigurations = (
				004F184B267CCB610043118A /* Debug */,
				004F184C267CCB610043118A /* Release */,
			);
			defaultConfigurationIsVisible = 0;
			defaultConfigurationName = Release;
		};
		004F184D267CCB610043118A /* Build configuration list for PBXNativeTarget "Player" */ = {
			isa = XCConfigurationList;
			buildConfigurations = (
				004F184E267CCB610043118A /* Debug */,
				004F184F267CCB610043118A /* Release */,
			);
			defaultConfigurationIsVisible = 0;
			defaultConfigurationName = Release;
		};
		004F1850267CCB610043118A /* Build configuration list for PBXNativeTarget "PlayerTests" */ = {
			isa = XCConfigurationList;
			buildConfigurations = (
				004F1851267CCB610043118A /* Debug */,
				004F1852267CCB610043118A /* Release */,
			);
			defaultConfigurationIsVisible = 0;
			defaultConfigurationName = Release;
		};
		004F1853267CCB610043118A /* Build configuration list for PBXNativeTarget "PlayerUITests" */ = {
			isa = XCConfigurationList;
			buildConfigurations = (
				004F1854267CCB610043118A /* Debug */,
				004F1855267CCB610043118A /* Release */,
			);
			defaultConfigurationIsVisible = 0;
			defaultConfigurationName = Release;
		};
/* End XCConfigurationList section */
	};
	rootObject = 004F181B267CCB5F0043118A /* Project object */;
}
